// !$*UTF8*$!
{
	archiveVersion = 1;
	classes = {
	};
	objectVersion = 56;
	objects = {

/* Begin PBXBuildFile section */
		E9230288291AEA6400B651A8 /* LiveActivitiesTestApp.swift in Sources */ = {isa = PBXBuildFile; fileRef = E9230287291AEA6400B651A8 /* LiveActivitiesTestApp.swift */; };
		E923028A291AEA6400B651A8 /* LiveActivityManagerView.swift in Sources */ = {isa = PBXBuildFile; fileRef = E9230289291AEA6400B651A8 /* LiveActivityManagerView.swift */; };
		E923028C291AEA6D00B651A8 /* Assets.xcassets in Resources */ = {isa = PBXBuildFile; fileRef = E923028B291AEA6D00B651A8 /* Assets.xcassets */; };
		E923028F291AEA6D00B651A8 /* Preview Assets.xcassets in Resources */ = {isa = PBXBuildFile; fileRef = E923028E291AEA6D00B651A8 /* Preview Assets.xcassets */; };
		E99EFC09292FEB0D00F12110 /* Car_Charging_WidgetAttributes.swift in Sources */ = {isa = PBXBuildFile; fileRef = E99EFC08292FEB0D00F12110 /* Car_Charging_WidgetAttributes.swift */; };
		E99EFC0A292FEB0D00F12110 /* Car_Charging_WidgetAttributes.swift in Sources */ = {isa = PBXBuildFile; fileRef = E99EFC08292FEB0D00F12110 /* Car_Charging_WidgetAttributes.swift */; };
		E9CC865D29436B9E00B54125 /* AppConstants.swift in Sources */ = {isa = PBXBuildFile; fileRef = E9CC865C29436B9E00B54125 /* AppConstants.swift */; };
		E9CC865E29436B9E00B54125 /* AppConstants.swift in Sources */ = {isa = PBXBuildFile; fileRef = E9CC865C29436B9E00B54125 /* AppConstants.swift */; };
		E9CC86612943747900B54125 /* ChargingLiveActivityManager.swift in Sources */ = {isa = PBXBuildFile; fileRef = E9CC86602943747900B54125 /* ChargingLiveActivityManager.swift */; };
		E9F04B67292BFCC600632CCD /* WidgetKit.framework in Frameworks */ = {isa = PBXBuildFile; fileRef = E9F04B66292BFCC600632CCD /* WidgetKit.framework */; };
		E9F04B69292BFCC600632CCD /* SwiftUI.framework in Frameworks */ = {isa = PBXBuildFile; fileRef = E9F04B68292BFCC600632CCD /* SwiftUI.framework */; };
		E9F04B6C292BFCC600632CCD /* Car_Charging_WidgetBundle.swift in Sources */ = {isa = PBXBuildFile; fileRef = E9F04B6B292BFCC600632CCD /* Car_Charging_WidgetBundle.swift */; };
		E9F04B6E292BFCC600632CCD /* Car_Charging_WidgetLiveActivity.swift in Sources */ = {isa = PBXBuildFile; fileRef = E9F04B6D292BFCC600632CCD /* Car_Charging_WidgetLiveActivity.swift */; };
		E9F04B70292BFCC600632CCD /* Car_Charging_Widget.swift in Sources */ = {isa = PBXBuildFile; fileRef = E9F04B6F292BFCC600632CCD /* Car_Charging_Widget.swift */; };
		E9F04B73292BFCC900632CCD /* Assets.xcassets in Resources */ = {isa = PBXBuildFile; fileRef = E9F04B72292BFCC900632CCD /* Assets.xcassets */; };
		E9F04B75292BFCC900632CCD /* Car_Charging_Widget.intentdefinition in Sources */ = {isa = PBXBuildFile; fileRef = E9F04B71292BFCC600632CCD /* Car_Charging_Widget.intentdefinition */; };
		E9F04B76292BFCC900632CCD /* Car_Charging_Widget.intentdefinition in Sources */ = {isa = PBXBuildFile; fileRef = E9F04B71292BFCC600632CCD /* Car_Charging_Widget.intentdefinition */; };
		E9F04B79292BFCC900632CCD /* Car Charging WidgetExtension.appex in Embed Foundation Extensions */ = {isa = PBXBuildFile; fileRef = E9F04B64292BFCC600632CCD /* Car Charging WidgetExtension.appex */; settings = {ATTRIBUTES = (RemoveHeadersOnCopy, ); }; };
/* End PBXBuildFile section */

/* Begin PBXContainerItemProxy section */
		E9F04B77292BFCC900632CCD /* PBXContainerItemProxy */ = {
			isa = PBXContainerItemProxy;
			containerPortal = E923027C291AEA6400B651A8 /* Project object */;
			proxyType = 1;
			remoteGlobalIDString = E9F04B63292BFCC600632CCD;
			remoteInfo = "Car Charging WidgetExtension";
		};
/* End PBXContainerItemProxy section */

/* Begin PBXCopyFilesBuildPhase section */
		E9F04B7D292BFCCA00632CCD /* Embed Foundation Extensions */ = {
			isa = PBXCopyFilesBuildPhase;
			buildActionMask = 2147483647;
			dstPath = "";
			dstSubfolderSpec = 13;
			files = (
				E9F04B79292BFCC900632CCD /* Car Charging WidgetExtension.appex in Embed Foundation Extensions */,
			);
			name = "Embed Foundation Extensions";
			runOnlyForDeploymentPostprocessing = 0;
		};
/* End PBXCopyFilesBuildPhase section */

/* Begin PBXFileReference section */
		E9230284291AEA6400B651A8 /* Live Activities Test.app */ = {isa = PBXFileReference; explicitFileType = wrapper.application; includeInIndex = 0; path = "Live Activities Test.app"; sourceTree = BUILT_PRODUCTS_DIR; };
		E9230287291AEA6400B651A8 /* LiveActivitiesTestApp.swift */ = {isa = PBXFileReference; lastKnownFileType = sourcecode.swift; path = LiveActivitiesTestApp.swift; sourceTree = "<group>"; };
		E9230289291AEA6400B651A8 /* LiveActivityManagerView.swift */ = {isa = PBXFileReference; lastKnownFileType = sourcecode.swift; path = LiveActivityManagerView.swift; sourceTree = "<group>"; };
		E923028B291AEA6D00B651A8 /* Assets.xcassets */ = {isa = PBXFileReference; lastKnownFileType = folder.assetcatalog; path = Assets.xcassets; sourceTree = "<group>"; };
		E923028E291AEA6D00B651A8 /* Preview Assets.xcassets */ = {isa = PBXFileReference; lastKnownFileType = folder.assetcatalog; path = "Preview Assets.xcassets"; sourceTree = "<group>"; };
		E99EFC08292FEB0D00F12110 /* Car_Charging_WidgetAttributes.swift */ = {isa = PBXFileReference; lastKnownFileType = sourcecode.swift; path = Car_Charging_WidgetAttributes.swift; sourceTree = "<group>"; };
		E9CC865C29436B9E00B54125 /* AppConstants.swift */ = {isa = PBXFileReference; lastKnownFileType = sourcecode.swift; path = AppConstants.swift; sourceTree = "<group>"; };
		E9CC865F29436FF200B54125 /* Live-Activities-Test-Info.plist */ = {isa = PBXFileReference; lastKnownFileType = text.plist; path = "Live-Activities-Test-Info.plist"; sourceTree = SOURCE_ROOT; };
		E9CC86602943747900B54125 /* ChargingLiveActivityManager.swift */ = {isa = PBXFileReference; lastKnownFileType = sourcecode.swift; path = ChargingLiveActivityManager.swift; sourceTree = "<group>"; };
		E9F04B5F292BFB9C00632CCD /* Live Activities Test.entitlements */ = {isa = PBXFileReference; fileEncoding = 4; lastKnownFileType = text.plist.entitlements; name = "Live Activities Test.entitlements"; path = "../../../../../.Trash/Live Activities Test.entitlements"; sourceTree = "<group>"; };
		E9F04B64292BFCC600632CCD /* Car Charging WidgetExtension.appex */ = {isa = PBXFileReference; explicitFileType = "wrapper.app-extension"; includeInIndex = 0; path = "Car Charging WidgetExtension.appex"; sourceTree = BUILT_PRODUCTS_DIR; };
		E9F04B66292BFCC600632CCD /* WidgetKit.framework */ = {isa = PBXFileReference; lastKnownFileType = wrapper.framework; name = WidgetKit.framework; path = System/Library/Frameworks/WidgetKit.framework; sourceTree = SDKROOT; };
		E9F04B68292BFCC600632CCD /* SwiftUI.framework */ = {isa = PBXFileReference; lastKnownFileType = wrapper.framework; name = SwiftUI.framework; path = System/Library/Frameworks/SwiftUI.framework; sourceTree = SDKROOT; };
		E9F04B6B292BFCC600632CCD /* Car_Charging_WidgetBundle.swift */ = {isa = PBXFileReference; lastKnownFileType = sourcecode.swift; path = Car_Charging_WidgetBundle.swift; sourceTree = "<group>"; };
		E9F04B6D292BFCC600632CCD /* Car_Charging_WidgetLiveActivity.swift */ = {isa = PBXFileReference; lastKnownFileType = sourcecode.swift; path = Car_Charging_WidgetLiveActivity.swift; sourceTree = "<group>"; };
		E9F04B6F292BFCC600632CCD /* Car_Charging_Widget.swift */ = {isa = PBXFileReference; lastKnownFileType = sourcecode.swift; path = Car_Charging_Widget.swift; sourceTree = "<group>"; };
		E9F04B71292BFCC600632CCD /* Car_Charging_Widget.intentdefinition */ = {isa = PBXFileReference; lastKnownFileType = file.intentdefinition; path = Car_Charging_Widget.intentdefinition; sourceTree = "<group>"; };
		E9F04B72292BFCC900632CCD /* Assets.xcassets */ = {isa = PBXFileReference; lastKnownFileType = folder.assetcatalog; path = Assets.xcassets; sourceTree = "<group>"; };
		E9F04B74292BFCC900632CCD /* Info.plist */ = {isa = PBXFileReference; lastKnownFileType = text.plist.xml; path = Info.plist; sourceTree = "<group>"; };
/* End PBXFileReference section */

/* Begin PBXFrameworksBuildPhase section */
		E9230281291AEA6400B651A8 /* Frameworks */ = {
			isa = PBXFrameworksBuildPhase;
			buildActionMask = 2147483647;
			files = (
			);
			runOnlyForDeploymentPostprocessing = 0;
		};
		E9F04B61292BFCC600632CCD /* Frameworks */ = {
			isa = PBXFrameworksBuildPhase;
			buildActionMask = 2147483647;
			files = (
				E9F04B69292BFCC600632CCD /* SwiftUI.framework in Frameworks */,
				E9F04B67292BFCC600632CCD /* WidgetKit.framework in Frameworks */,
			);
			runOnlyForDeploymentPostprocessing = 0;
		};
/* End PBXFrameworksBuildPhase section */

/* Begin PBXGroup section */
		E923027B291AEA6400B651A8 = {
			isa = PBXGroup;
			children = (
				E9CC865C29436B9E00B54125 /* AppConstants.swift */,
				E99EFC08292FEB0D00F12110 /* Car_Charging_WidgetAttributes.swift */,
				E9230286291AEA6400B651A8 /* Live Activities Test */,
				E9F04B6A292BFCC600632CCD /* Car Charging Widget */,
				E9F04B65292BFCC600632CCD /* Frameworks */,
				E9230285291AEA6400B651A8 /* Products */,
			);
			sourceTree = "<group>";
		};
		E9230285291AEA6400B651A8 /* Products */ = {
			isa = PBXGroup;
			children = (
				E9230284291AEA6400B651A8 /* Live Activities Test.app */,
				E9F04B64292BFCC600632CCD /* Car Charging WidgetExtension.appex */,
			);
			name = Products;
			sourceTree = "<group>";
		};
		E9230286291AEA6400B651A8 /* Live Activities Test */ = {
			isa = PBXGroup;
			children = (
				E9CC865F29436FF200B54125 /* Live-Activities-Test-Info.plist */,
				E9F04B5F292BFB9C00632CCD /* Live Activities Test.entitlements */,
				E9CC86602943747900B54125 /* ChargingLiveActivityManager.swift */,
				E9230287291AEA6400B651A8 /* LiveActivitiesTestApp.swift */,
				E9230289291AEA6400B651A8 /* LiveActivityManagerView.swift */,
				E923028B291AEA6D00B651A8 /* Assets.xcassets */,
				E923028D291AEA6D00B651A8 /* Preview Content */,
			);
			path = "Live Activities Test";
			sourceTree = "<group>";
		};
		E923028D291AEA6D00B651A8 /* Preview Content */ = {
			isa = PBXGroup;
			children = (
				E923028E291AEA6D00B651A8 /* Preview Assets.xcassets */,
			);
			path = "Preview Content";
			sourceTree = "<group>";
		};
		E9F04B65292BFCC600632CCD /* Frameworks */ = {
			isa = PBXGroup;
			children = (
				E9F04B66292BFCC600632CCD /* WidgetKit.framework */,
				E9F04B68292BFCC600632CCD /* SwiftUI.framework */,
			);
			name = Frameworks;
			sourceTree = "<group>";
		};
		E9F04B6A292BFCC600632CCD /* Car Charging Widget */ = {
			isa = PBXGroup;
			children = (
				E9F04B6B292BFCC600632CCD /* Car_Charging_WidgetBundle.swift */,
				E9F04B6D292BFCC600632CCD /* Car_Charging_WidgetLiveActivity.swift */,
				E9F04B6F292BFCC600632CCD /* Car_Charging_Widget.swift */,
				E9F04B71292BFCC600632CCD /* Car_Charging_Widget.intentdefinition */,
				E9F04B72292BFCC900632CCD /* Assets.xcassets */,
				E9F04B74292BFCC900632CCD /* Info.plist */,
			);
			path = "Car Charging Widget";
			sourceTree = "<group>";
		};
/* End PBXGroup section */

/* Begin PBXNativeTarget section */
		E9230283291AEA6400B651A8 /* Live Activities Test */ = {
			isa = PBXNativeTarget;
			buildConfigurationList = E9230292291AEA6D00B651A8 /* Build configuration list for PBXNativeTarget "Live Activities Test" */;
			buildPhases = (
				E9230280291AEA6400B651A8 /* Sources */,
				E9230281291AEA6400B651A8 /* Frameworks */,
				E9230282291AEA6400B651A8 /* Resources */,
				E9F04B7D292BFCCA00632CCD /* Embed Foundation Extensions */,
			);
			buildRules = (
			);
			dependencies = (
				E9F04B78292BFCC900632CCD /* PBXTargetDependency */,
			);
			name = "Live Activities Test";
			productName = "Live Activities Test";
			productReference = E9230284291AEA6400B651A8 /* Live Activities Test.app */;
			productType = "com.apple.product-type.application";
		};
		E9F04B63292BFCC600632CCD /* Car Charging WidgetExtension */ = {
			isa = PBXNativeTarget;
			buildConfigurationList = E9F04B7A292BFCCA00632CCD /* Build configuration list for PBXNativeTarget "Car Charging WidgetExtension" */;
			buildPhases = (
				E9F04B60292BFCC600632CCD /* Sources */,
				E9F04B61292BFCC600632CCD /* Frameworks */,
				E9F04B62292BFCC600632CCD /* Resources */,
			);
			buildRules = (
			);
			dependencies = (
			);
			name = "Car Charging WidgetExtension";
			productName = "Car Charging WidgetExtension";
			productReference = E9F04B64292BFCC600632CCD /* Car Charging WidgetExtension.appex */;
			productType = "com.apple.product-type.app-extension";
		};
/* End PBXNativeTarget section */

/* Begin PBXProject section */
		E923027C291AEA6400B651A8 /* Project object */ = {
			isa = PBXProject;
			attributes = {
				BuildIndependentTargetsInParallel = 1;
				LastSwiftUpdateCheck = 1410;
				LastUpgradeCheck = 1410;
				TargetAttributes = {
					E9230283291AEA6400B651A8 = {
						CreatedOnToolsVersion = 14.1;
					};
					E9F04B63292BFCC600632CCD = {
						CreatedOnToolsVersion = 14.1;
					};
				};
			};
			buildConfigurationList = E923027F291AEA6400B651A8 /* Build configuration list for PBXProject "Live Activities Test" */;
			compatibilityVersion = "Xcode 14.0";
			developmentRegion = en;
			hasScannedForEncodings = 0;
			knownRegions = (
				en,
				Base,
			);
			mainGroup = E923027B291AEA6400B651A8;
			productRefGroup = E9230285291AEA6400B651A8 /* Products */;
			projectDirPath = "";
			projectRoot = "";
			targets = (
				E9230283291AEA6400B651A8 /* Live Activities Test */,
				E9F04B63292BFCC600632CCD /* Car Charging WidgetExtension */,
			);
		};
/* End PBXProject section */

/* Begin PBXResourcesBuildPhase section */
		E9230282291AEA6400B651A8 /* Resources */ = {
			isa = PBXResourcesBuildPhase;
			buildActionMask = 2147483647;
			files = (
				E923028F291AEA6D00B651A8 /* Preview Assets.xcassets in Resources */,
				E923028C291AEA6D00B651A8 /* Assets.xcassets in Resources */,
			);
			runOnlyForDeploymentPostprocessing = 0;
		};
		E9F04B62292BFCC600632CCD /* Resources */ = {
			isa = PBXResourcesBuildPhase;
			buildActionMask = 2147483647;
			files = (
				E9F04B73292BFCC900632CCD /* Assets.xcassets in Resources */,
			);
			runOnlyForDeploymentPostprocessing = 0;
		};
/* End PBXResourcesBuildPhase section */

/* Begin PBXSourcesBuildPhase section */
		E9230280291AEA6400B651A8 /* Sources */ = {
			isa = PBXSourcesBuildPhase;
			buildActionMask = 2147483647;
			files = (
				E99EFC09292FEB0D00F12110 /* Car_Charging_WidgetAttributes.swift in Sources */,
				E9CC86612943747900B54125 /* ChargingLiveActivityManager.swift in Sources */,
				E9F04B76292BFCC900632CCD /* Car_Charging_Widget.intentdefinition in Sources */,
				E923028A291AEA6400B651A8 /* LiveActivityManagerView.swift in Sources */,
				E9230288291AEA6400B651A8 /* LiveActivitiesTestApp.swift in Sources */,
				E9CC865D29436B9E00B54125 /* AppConstants.swift in Sources */,
			);
			runOnlyForDeploymentPostprocessing = 0;
		};
		E9F04B60292BFCC600632CCD /* Sources */ = {
			isa = PBXSourcesBuildPhase;
			buildActionMask = 2147483647;
			files = (
				E99EFC0A292FEB0D00F12110 /* Car_Charging_WidgetAttributes.swift in Sources */,
				E9CC865E29436B9E00B54125 /* AppConstants.swift in Sources */,
				E9F04B75292BFCC900632CCD /* Car_Charging_Widget.intentdefinition in Sources */,
				E9F04B6E292BFCC600632CCD /* Car_Charging_WidgetLiveActivity.swift in Sources */,
				E9F04B6C292BFCC600632CCD /* Car_Charging_WidgetBundle.swift in Sources */,
				E9F04B70292BFCC600632CCD /* Car_Charging_Widget.swift in Sources */,
			);
			runOnlyForDeploymentPostprocessing = 0;
		};
/* End PBXSourcesBuildPhase section */

/* Begin PBXTargetDependency section */
		E9F04B78292BFCC900632CCD /* PBXTargetDependency */ = {
			isa = PBXTargetDependency;
			target = E9F04B63292BFCC600632CCD /* Car Charging WidgetExtension */;
			targetProxy = E9F04B77292BFCC900632CCD /* PBXContainerItemProxy */;
		};
/* End PBXTargetDependency section */

/* Begin XCBuildConfiguration section */
		E9230290291AEA6D00B651A8 /* Debug */ = {
			isa = XCBuildConfiguration;
			buildSettings = {
				ALWAYS_SEARCH_USER_PATHS = NO;
				CLANG_ANALYZER_NONNULL = YES;
				CLANG_ANALYZER_NUMBER_OBJECT_CONVERSION = YES_AGGRESSIVE;
				CLANG_CXX_LANGUAGE_STANDARD = "gnu++20";
				CLANG_ENABLE_MODULES = YES;
				CLANG_ENABLE_OBJC_ARC = YES;
				CLANG_ENABLE_OBJC_WEAK = YES;
				CLANG_WARN_BLOCK_CAPTURE_AUTORELEASING = YES;
				CLANG_WARN_BOOL_CONVERSION = YES;
				CLANG_WARN_COMMA = YES;
				CLANG_WARN_CONSTANT_CONVERSION = YES;
				CLANG_WARN_DEPRECATED_OBJC_IMPLEMENTATIONS = YES;
				CLANG_WARN_DIRECT_OBJC_ISA_USAGE = YES_ERROR;
				CLANG_WARN_DOCUMENTATION_COMMENTS = YES;
				CLANG_WARN_EMPTY_BODY = YES;
				CLANG_WARN_ENUM_CONVERSION = YES;
				CLANG_WARN_INFINITE_RECURSION = YES;
				CLANG_WARN_INT_CONVERSION = YES;
				CLANG_WARN_NON_LITERAL_NULL_CONVERSION = YES;
				CLANG_WARN_OBJC_IMPLICIT_RETAIN_SELF = YES;
				CLANG_WARN_OBJC_LITERAL_CONVERSION = YES;
				CLANG_WARN_OBJC_ROOT_CLASS = YES_ERROR;
				CLANG_WARN_QUOTED_INCLUDE_IN_FRAMEWORK_HEADER = YES;
				CLANG_WARN_RANGE_LOOP_ANALYSIS = YES;
				CLANG_WARN_STRICT_PROTOTYPES = YES;
				CLANG_WARN_SUSPICIOUS_MOVE = YES;
				CLANG_WARN_UNGUARDED_AVAILABILITY = YES_AGGRESSIVE;
				CLANG_WARN_UNREACHABLE_CODE = YES;
				CLANG_WARN__DUPLICATE_METHOD_MATCH = YES;
				COPY_PHASE_STRIP = NO;
				DEBUG_INFORMATION_FORMAT = dwarf;
				ENABLE_STRICT_OBJC_MSGSEND = YES;
				ENABLE_TESTABILITY = YES;
				GCC_C_LANGUAGE_STANDARD = gnu11;
				GCC_DYNAMIC_NO_PIC = NO;
				GCC_NO_COMMON_BLOCKS = YES;
				GCC_OPTIMIZATION_LEVEL = 0;
				GCC_PREPROCESSOR_DEFINITIONS = (
					"DEBUG=1",
					"$(inherited)",
				);
				GCC_WARN_64_TO_32_BIT_CONVERSION = YES;
				GCC_WARN_ABOUT_RETURN_TYPE = YES_ERROR;
				GCC_WARN_UNDECLARED_SELECTOR = YES;
				GCC_WARN_UNINITIALIZED_AUTOS = YES_AGGRESSIVE;
				GCC_WARN_UNUSED_FUNCTION = YES;
				GCC_WARN_UNUSED_VARIABLE = YES;
				IPHONEOS_DEPLOYMENT_TARGET = 16.1;
				MTL_ENABLE_DEBUG_INFO = INCLUDE_SOURCE;
				MTL_FAST_MATH = YES;
				ONLY_ACTIVE_ARCH = YES;
				SDKROOT = iphoneos;
				SWIFT_ACTIVE_COMPILATION_CONDITIONS = DEBUG;
				SWIFT_OPTIMIZATION_LEVEL = "-Onone";
			};
			name = Debug;
		};
		E9230291291AEA6D00B651A8 /* Release */ = {
			isa = XCBuildConfiguration;
			buildSettings = {
				ALWAYS_SEARCH_USER_PATHS = NO;
				CLANG_ANALYZER_NONNULL = YES;
				CLANG_ANALYZER_NUMBER_OBJECT_CONVERSION = YES_AGGRESSIVE;
				CLANG_CXX_LANGUAGE_STANDARD = "gnu++20";
				CLANG_ENABLE_MODULES = YES;
				CLANG_ENABLE_OBJC_ARC = YES;
				CLANG_ENABLE_OBJC_WEAK = YES;
				CLANG_WARN_BLOCK_CAPTURE_AUTORELEASING = YES;
				CLANG_WARN_BOOL_CONVERSION = YES;
				CLANG_WARN_COMMA = YES;
				CLANG_WARN_CONSTANT_CONVERSION = YES;
				CLANG_WARN_DEPRECATED_OBJC_IMPLEMENTATIONS = YES;
				CLANG_WARN_DIRECT_OBJC_ISA_USAGE = YES_ERROR;
				CLANG_WARN_DOCUMENTATION_COMMENTS = YES;
				CLANG_WARN_EMPTY_BODY = YES;
				CLANG_WARN_ENUM_CONVERSION = YES;
				CLANG_WARN_INFINITE_RECURSION = YES;
				CLANG_WARN_INT_CONVERSION = YES;
				CLANG_WARN_NON_LITERAL_NULL_CONVERSION = YES;
				CLANG_WARN_OBJC_IMPLICIT_RETAIN_SELF = YES;
				CLANG_WARN_OBJC_LITERAL_CONVERSION = YES;
				CLANG_WARN_OBJC_ROOT_CLASS = YES_ERROR;
				CLANG_WARN_QUOTED_INCLUDE_IN_FRAMEWORK_HEADER = YES;
				CLANG_WARN_RANGE_LOOP_ANALYSIS = YES;
				CLANG_WARN_STRICT_PROTOTYPES = YES;
				CLANG_WARN_SUSPICIOUS_MOVE = YES;
				CLANG_WARN_UNGUARDED_AVAILABILITY = YES_AGGRESSIVE;
				CLANG_WARN_UNREACHABLE_CODE = YES;
				CLANG_WARN__DUPLICATE_METHOD_MATCH = YES;
				COPY_PHASE_STRIP = NO;
				DEBUG_INFORMATION_FORMAT = "dwarf-with-dsym";
				ENABLE_NS_ASSERTIONS = NO;
				ENABLE_STRICT_OBJC_MSGSEND = YES;
				GCC_C_LANGUAGE_STANDARD = gnu11;
				GCC_NO_COMMON_BLOCKS = YES;
				GCC_WARN_64_TO_32_BIT_CONVERSION = YES;
				GCC_WARN_ABOUT_RETURN_TYPE = YES_ERROR;
				GCC_WARN_UNDECLARED_SELECTOR = YES;
				GCC_WARN_UNINITIALIZED_AUTOS = YES_AGGRESSIVE;
				GCC_WARN_UNUSED_FUNCTION = YES;
				GCC_WARN_UNUSED_VARIABLE = YES;
				IPHONEOS_DEPLOYMENT_TARGET = 16.1;
				MTL_ENABLE_DEBUG_INFO = NO;
				MTL_FAST_MATH = YES;
				SDKROOT = iphoneos;
				SWIFT_COMPILATION_MODE = wholemodule;
				SWIFT_OPTIMIZATION_LEVEL = "-O";
				VALIDATE_PRODUCT = YES;
			};
			name = Release;
		};
		E9230293291AEA6D00B651A8 /* Debug */ = {
			isa = XCBuildConfiguration;
			buildSettings = {
				ALWAYS_EMBED_SWIFT_STANDARD_LIBRARIES = YES;
				ASSETCATALOG_COMPILER_APPICON_NAME = AppIcon;
				ASSETCATALOG_COMPILER_GLOBAL_ACCENT_COLOR_NAME = AccentColor;
				CODE_SIGN_ENTITLEMENTS = "Live Activities Test/Live Activities Test.entitlements";
				CODE_SIGN_STYLE = Automatic;
				CURRENT_PROJECT_VERSION = 1;
				DEVELOPMENT_ASSET_PATHS = "\"Live Activities Test/Preview Content\"";
				DEVELOPMENT_TEAM = EMX5WZVKLF;
				ENABLE_PREVIEWS = YES;
				GENERATE_INFOPLIST_FILE = YES;
				INFOPLIST_FILE = "Live-Activities-Test-Info.plist";
				INFOPLIST_KEY_LSApplicationCategoryType = "public.app-category.developer-tools";
				INFOPLIST_KEY_NSSupportsLiveActivities = YES;
				INFOPLIST_KEY_UIApplicationSceneManifest_Generation = YES;
				INFOPLIST_KEY_UIApplicationSupportsIndirectInputEvents = YES;
				INFOPLIST_KEY_UILaunchScreen_Generation = YES;
				INFOPLIST_KEY_UIStatusBarStyle = UIStatusBarStyleLightContent;
				INFOPLIST_KEY_UISupportedInterfaceOrientations_iPad = "UIInterfaceOrientationPortrait UIInterfaceOrientationPortraitUpsideDown UIInterfaceOrientationLandscapeLeft UIInterfaceOrientationLandscapeRight";
				INFOPLIST_KEY_UISupportedInterfaceOrientations_iPhone = "UIInterfaceOrientationPortrait UIInterfaceOrientationLandscapeLeft UIInterfaceOrientationLandscapeRight";
				LD_RUNPATH_SEARCH_PATHS = (
					"$(inherited)",
					"@executable_path/Frameworks",
				);
				MARKETING_VERSION = 1.0;
				PRODUCT_BUNDLE_IDENTIFIER = com.jpapps.LiveCarTest;
				PRODUCT_NAME = "$(TARGET_NAME)";
				SWIFT_EMIT_LOC_STRINGS = YES;
				SWIFT_VERSION = 5.0;
				TARGETED_DEVICE_FAMILY = "1,2";
			};
			name = Debug;
		};
		E9230294291AEA6D00B651A8 /* Release */ = {
			isa = XCBuildConfiguration;
			buildSettings = {
				ALWAYS_EMBED_SWIFT_STANDARD_LIBRARIES = YES;
				ASSETCATALOG_COMPILER_APPICON_NAME = AppIcon;
				ASSETCATALOG_COMPILER_GLOBAL_ACCENT_COLOR_NAME = AccentColor;
				CODE_SIGN_ENTITLEMENTS = "Live Activities Test/Live Activities Test.entitlements";
				CODE_SIGN_STYLE = Automatic;
				CURRENT_PROJECT_VERSION = 1;
				DEVELOPMENT_ASSET_PATHS = "\"Live Activities Test/Preview Content\"";
				DEVELOPMENT_TEAM = EMX5WZVKLF;
				ENABLE_PREVIEWS = YES;
				GENERATE_INFOPLIST_FILE = YES;
				INFOPLIST_FILE = "Live-Activities-Test-Info.plist";
				INFOPLIST_KEY_LSApplicationCategoryType = "public.app-category.developer-tools";
				INFOPLIST_KEY_NSSupportsLiveActivities = YES;
				INFOPLIST_KEY_UIApplicationSceneManifest_Generation = YES;
				INFOPLIST_KEY_UIApplicationSupportsIndirectInputEvents = YES;
				INFOPLIST_KEY_UILaunchScreen_Generation = YES;
				INFOPLIST_KEY_UIStatusBarStyle = UIStatusBarStyleLightContent;
				INFOPLIST_KEY_UISupportedInterfaceOrientations_iPad = "UIInterfaceOrientationPortrait UIInterfaceOrientationPortraitUpsideDown UIInterfaceOrientationLandscapeLeft UIInterfaceOrientationLandscapeRight";
				INFOPLIST_KEY_UISupportedInterfaceOrientations_iPhone = "UIInterfaceOrientationPortrait UIInterfaceOrientationLandscapeLeft UIInterfaceOrientationLandscapeRight";
				LD_RUNPATH_SEARCH_PATHS = (
					"$(inherited)",
					"@executable_path/Frameworks",
				);
				MARKETING_VERSION = 1.0;
				PRODUCT_BUNDLE_IDENTIFIER = com.jpapps.LiveCarTest;
				PRODUCT_NAME = "$(TARGET_NAME)";
				SWIFT_EMIT_LOC_STRINGS = YES;
				SWIFT_VERSION = 5.0;
				TARGETED_DEVICE_FAMILY = "1,2";
			};
			name = Release;
		};
		E9F04B7B292BFCCA00632CCD /* Debug */ = {
			isa = XCBuildConfiguration;
			buildSettings = {
				ASSETCATALOG_COMPILER_GLOBAL_ACCENT_COLOR_NAME = AccentColor;
				ASSETCATALOG_COMPILER_WIDGET_BACKGROUND_COLOR_NAME = WidgetBackground;
				CODE_SIGN_STYLE = Automatic;
				CURRENT_PROJECT_VERSION = 1;
				DEVELOPMENT_TEAM = EMX5WZVKLF;
				GENERATE_INFOPLIST_FILE = YES;
				INFOPLIST_FILE = "Car Charging Widget/Info.plist";
				INFOPLIST_KEY_CFBundleDisplayName = "Car Charging Widget";
				INFOPLIST_KEY_NSHumanReadableCopyright = "";
				LD_RUNPATH_SEARCH_PATHS = (
					"$(inherited)",
					"@executable_path/Frameworks",
					"@executable_path/../../Frameworks",
				);
				MARKETING_VERSION = 1.0;
				PRODUCT_BUNDLE_IDENTIFIER = "com.jpapps.LiveCarTest.Car-Charging-Widget";
				PRODUCT_NAME = "$(TARGET_NAME)";
				SKIP_INSTALL = YES;
				SWIFT_EMIT_LOC_STRINGS = YES;
				SWIFT_VERSION = 5.0;
				TARGETED_DEVICE_FAMILY = "1,2";
			};
			name = Debug;
		};
		E9F04B7C292BFCCA00632CCD /* Release */ = {
			isa = XCBuildConfiguration;
			buildSettings = {
				ASSETCATALOG_COMPILER_GLOBAL_ACCENT_COLOR_NAME = AccentColor;
				ASSETCATALOG_COMPILER_WIDGET_BACKGROUND_COLOR_NAME = WidgetBackground;
				CODE_SIGN_STYLE = Automatic;
				CURRENT_PROJECT_VERSION = 1;
				DEVELOPMENT_TEAM = EMX5WZVKLF;
				GENERATE_INFOPLIST_FILE = YES;
				INFOPLIST_FILE = "Car Charging Widget/Info.plist";
				INFOPLIST_KEY_CFBundleDisplayName = "Car Charging Widget";
				INFOPLIST_KEY_NSHumanReadableCopyright = "";
				LD_RUNPATH_SEARCH_PATHS = (
					"$(inherited)",
					"@executable_path/Frameworks",
					"@executable_path/../../Frameworks",
				);
				MARKETING_VERSION = 1.0;
				PRODUCT_BUNDLE_IDENTIFIER = "com.jpapps.LiveCarTest.Car-Charging-Widget";
				PRODUCT_NAME = "$(TARGET_NAME)";
				SKIP_INSTALL = YES;
				SWIFT_EMIT_LOC_STRINGS = YES;
				SWIFT_VERSION = 5.0;
				TARGETED_DEVICE_FAMILY = "1,2";
			};
			name = Release;
		};
/* End XCBuildConfiguration section */

/* Begin XCConfigurationList section */
		E923027F291AEA6400B651A8 /* Build configuration list for PBXProject "Live Activities Test" */ = {
			isa = XCConfigurationList;
			buildConfigurations = (
				E9230290291AEA6D00B651A8 /* Debug */,
				E9230291291AEA6D00B651A8 /* Release */,
			);
			defaultConfigurationIsVisible = 0;
			defaultConfigurationName = Release;
		};
		E9230292291AEA6D00B651A8 /* Build configuration list for PBXNativeTarget "Live Activities Test" */ = {
			isa = XCConfigurationList;
			buildConfigurations = (
				E9230293291AEA6D00B651A8 /* Debug */,
				E9230294291AEA6D00B651A8 /* Release */,
			);
			defaultConfigurationIsVisible = 0;
			defaultConfigurationName = Release;
		};
		E9F04B7A292BFCCA00632CCD /* Build configuration list for PBXNativeTarget "Car Charging WidgetExtension" */ = {
			isa = XCConfigurationList;
			buildConfigurations = (
				E9F04B7B292BFCCA00632CCD /* Debug */,
				E9F04B7C292BFCCA00632CCD /* Release */,
			);
			defaultConfigurationIsVisible = 0;
			defaultConfigurationName = Release;
		};
/* End XCConfigurationList section */
	};
	rootObject = E923027C291AEA6400B651A8 /* Project object */;
}
